
Microsoft Visual Studio Solution File, Format Version 12.00
# Visual Studio Version 17
VisualStudioVersion = 17.3.32804.467
MinimumVisualStudioVersion = 10.0.40219.1
Project("{FAE04EC0-301F-11D3-BF4B-00C04F79EFBC}") = "SurveyJsWithBlazor.Server", "Server\SurveyJsWithBlazor.Server.csproj", "{472A8A0D-1AAC-4367-9551-83BF793B74FE}"
EndProject
Project("{FAE04EC0-301F-11D3-BF4B-00C04F79EFBC}") = "SurveyJsWithBlazor.Client", "Client\SurveyJsWithBlazor.Client.csproj", "{2B66EF30-CD9E-4188-ACE0-6A846DCFBD13}"
EndProject
Project("{FAE04EC0-301F-11D3-BF4B-00C04F79EFBC}") = "SurveyJsWithBlazor.Shared", "Shared\SurveyJsWithBlazor.Shared.csproj", "{66E0A702-89D1-4DF5-AA4F-00F17735ED01}"
EndProject
Global
	GlobalSection(SolutionConfigurationPlatforms) = preSolution
		Debug|Any CPU = Debug|Any CPU
		Release|Any CPU = Release|Any CPU
	EndGlobalSection
	GlobalSection(ProjectConfigurationPlatforms) = postSolution
		{472A8A0D-1AAC-4367-9551-83BF793B74FE}.Debug|Any CPU.ActiveCfg = Debug|Any CPU
		{472A8A0D-1AAC-4367-9551-83BF793B74FE}.Debug|Any CPU.Build.0 = Debug|Any CPU
		{472A8A0D-1AAC-4367-9551-83BF793B74FE}.Release|Any CPU.ActiveCfg = Release|Any CPU
		{472A8A0D-1AAC-4367-9551-83BF793B74FE}.Release|Any CPU.Build.0 = Release|Any CPU
		{2B66EF30-CD9E-4188-ACE0-6A846DCFBD13}.Debug|Any CPU.ActiveCfg = Debug|Any CPU
		{2B66EF30-CD9E-4188-ACE0-6A846DCFBD13}.Debug|Any CPU.Build.0 = Debug|Any CPU
		{2B66EF30-CD9E-4188-ACE0-6A846DCFBD13}.Release|Any CPU.ActiveCfg = Release|Any CPU
		{2B66EF30-CD9E-4188-ACE0-6A846DCFBD13}.Release|Any CPU.Build.0 = Release|Any CPU
		{66E0A702-89D1-4DF5-AA4F-00F17735ED01}.Debug|Any CPU.ActiveCfg = Debug|Any CPU
		{66E0A702-89D1-4DF5-AA4F-00F17735ED01}.Debug|Any CPU.Build.0 = Debug|Any CPU
		{66E0A702-89D1-4DF5-AA4F-00F17735ED01}.Release|Any CPU.ActiveCfg = Release|Any CPU
		{66E0A702-89D1-4DF5-AA4F-00F17735ED01}.Release|Any CPU.Build.0 = Release|Any CPU
	EndGlobalSection
	GlobalSection(SolutionProperties) = preSolution
		HideSolutionNode = FALSE
	EndGlobalSection
	GlobalSection(ExtensibilityGlobals) = postSolution
		SolutionGuid = {F82EC182-991F-4274-9278-EBFCF0A8500A}
	EndGlobalSection
EndGlobal
